{
    "_readme": [
        "This file locks the dependencies of your project to a known state",
        "Read more about it at https://getcomposer.org/doc/01-basic-usage.md#composer-lock-the-lock-file",
        "This file is @generated automatically"
    ],
    "hash": "56d783c7607d5a9040a3281afd498709",
    "content-hash": "e45ac0ad91b1b27f6054078d3ca0479d",
    "packages": [
        {
            "name": "appzz/arr",
            "version": "1.0.4",
            "source": {
                "type": "git",
                "url": "https://github.com/a-pp-zz/arr.git",
                "reference": "aac336ac0ad7febf0b4179c8e7a2ee12c2a8058a"
            },
            "dist": {
                "type": "zip",
                "url": "https://api.github.com/repos/a-pp-zz/arr/zipball/aac336ac0ad7febf0b4179c8e7a2ee12c2a8058a",
                "reference": "aac336ac0ad7febf0b4179c8e7a2ee12c2a8058a",
                "shasum": ""
            },
            "require": {
                "php": ">=5.3.0"
            },
            "type": "library",
            "autoload": {
                "psr-4": {
                    "AppZz\\Helpers\\": "src/"
                }
            },
            "notification-url": "https://packagist.org/downloads/",
            "license": [
                "MIT"
            ],
            "authors": [
                {
                    "name": "CoolSwitcher",
                    "email": "ds@appzz.pw",
                    "role": "lead"
                }
            ],
            "description": "A safe way to get values from arrays",
            "homepage": "https://github.com/a-pp-zz/arr",
            "keywords": [
                "arr",
                "array"
            ],
            "time": "2017-05-07 21:19:52"
        }
    ],
    "packages-dev": [],
    "aliases": [],
    "minimum-stability": "stable",
    "stability-flags": [],
    "prefer-stable": false,
    "prefer-lowest": false,
    "platform": [],
    "platform-dev": []
}
